
Microsoft Visual Studio Solution File, Format Version 12.00
# Visual Studio Version 16
VisualStudioVersion = 16.0.30225.117
MinimumVisualStudioVersion = 10.0.40219.1
Project("{FAE04EC0-301F-11D3-BF4B-00C04F79EFBC}") = "Lab4", "Lab4.csproj", "{6528D861-5AB4-4CE6-AB42-A4CA96CA6039}"
EndProject
Global
	GlobalSection(SolutionConfigurationPlatforms) = preSolution
		Debug|Any CPU = Debug|Any CPU
		Release|Any CPU = Release|Any CPU
	EndGlobalSection
	GlobalSection(ProjectConfigurationPlatforms) = postSolution
		{6528D861-5AB4-4CE6-AB42-A4CA96CA6039}.Debug|Any CPU.ActiveCfg = Debug|Any CPU
		{6528D861-5AB4-4CE6-AB42-A4CA96CA6039}.Debug|Any CPU.Build.0 = Debug|Any CPU
		{6528D861-5AB4-4CE6-AB42-A4CA96CA6039}.Release|Any CPU.ActiveCfg = Release|Any CPU
		{6528D861-5AB4-4CE6-AB42-A4CA96CA6039}.Release|Any CPU.Build.0 = Release|Any CPU
	EndGlobalSection
	GlobalSection(SolutionProperties) = preSolution
		HideSolutionNode = FALSE
	EndGlobalSection
	GlobalSection(ExtensibilityGlobals) = postSolution
		SolutionGuid = {BC5A8073-5A3B-463D-B413-A703A37BD42B}
	EndGlobalSection
EndGlobal
